
Microsoft Visual Studio Solution File, Format Version 11.00
# Visual Studio 2010
Project("{FAE04EC0-301F-11D3-BF4B-00C04F79EFBC}") = "Bai11-DieuKhienLedOnOff", "Bai11-DieuKhienLedOnOff\Bai11-DieuKhienLedOnOff.csproj", "{55DA7819-C9A6-4B41-BD5E-7FAA1FC8A589}"
EndProject
Global
	GlobalSection(SolutionConfigurationPlatforms) = preSolution
		Debug|x86 = Debug|x86
		Release|x86 = Release|x86
	EndGlobalSection
	GlobalSection(ProjectConfigurationPlatforms) = postSolution
		{55DA7819-C9A6-4B41-BD5E-7FAA1FC8A589}.Debug|x86.ActiveCfg = Debug|x86
		{55DA7819-C9A6-4B41-BD5E-7FAA1FC8A589}.Debug|x86.Build.0 = Debug|x86
		{55DA7819-C9A6-4B41-BD5E-7FAA1FC8A589}.Release|x86.ActiveCfg = Release|x86
		{55DA7819-C9A6-4B41-BD5E-7FAA1FC8A589}.Release|x86.Build.0 = Release|x86
	EndGlobalSection
	GlobalSection(SolutionProperties) = preSolution
		HideSolutionNode = FALSE
	EndGlobalSection
EndGlobal
